
Microsoft Visual Studio Solution File, Format Version 12.00
# Visual Studio Version 17
VisualStudioVersion = 17.9.34714.143
MinimumVisualStudioVersion = 10.0.40219.1
Project("{FAE04EC0-301F-11D3-BF4B-00C04F79EFBC}") = "knowledge-check-2", "knowledge-check-2.csproj", "{7BE13D53-D7E9-4D90-B553-07C8C2866698}"
EndProject
Global
	GlobalSection(SolutionConfigurationPlatforms) = preSolution
		Debug|Any CPU = Debug|Any CPU
		Release|Any CPU = Release|Any CPU
	EndGlobalSection
	GlobalSection(ProjectConfigurationPlatforms) = postSolution
		{7BE13D53-D7E9-4D90-B553-07C8C2866698}.Debug|Any CPU.ActiveCfg = Debug|Any CPU
		{7BE13D53-D7E9-4D90-B553-07C8C2866698}.Debug|Any CPU.Build.0 = Debug|Any CPU
		{7BE13D53-D7E9-4D90-B553-07C8C2866698}.Release|Any CPU.ActiveCfg = Release|Any CPU
		{7BE13D53-D7E9-4D90-B553-07C8C2866698}.Release|Any CPU.Build.0 = Release|Any CPU
	EndGlobalSection
	GlobalSection(SolutionProperties) = preSolution
		HideSolutionNode = FALSE
	EndGlobalSection
	GlobalSection(ExtensibilityGlobals) = postSolution
		SolutionGuid = {7FB99058-916D-4FA1-AD9E-02D40DB798A9}
	EndGlobalSection
EndGlobal
